<?xml version="1.0" encoding="utf-8"?>
<Project ToolsVersion="4.0" xmlns="http://schemas.microsoft.com/developer/msbuild/2003">
  <ItemGroup>
    <Filter Include="ソース ファイル">
      <UniqueIdentifier>{4FC737F1-C7A5-4376-A066-2A32D752A2FF}</UniqueIdentifier>
      <Extensions>cpp;c;cc;cxx;def;odl;idl;hpj;bat;asm;asmx</Extensions>
    </Filter>
    <Filter Include="ヘッダー ファイル">
      <UniqueIdentifier>{93995380-89BD-4b04-88EB-625FBE52EBFB}</UniqueIdentifier>
      <Extensions>h;hh;hpp;hxx;hm;inl;inc;xsd</Extensions>
    </Filter>
    <Filter Include="リソース ファイル">
      <UniqueIdentifier>{67DA6AB6-F800-4c08-8B7A-83BB121AAD01}</UniqueIdentifier>
      <Extensions>rc;ico;cur;bmp;dlg;rc2;rct;bin;rgs;gif;jpg;jpeg;jpe;resx;tiff;tif;png;wav;mfcribbon-ms</Extensions>
    </Filter>
    <Filter Include="ソース ファイル\ICHashT">
      <UniqueIdentifier>{6515cbd9-6d86-40fc-98cb-14fd339195b7}</UniqueIdentifier>
    </Filter>
    <Filter Include="ヘッダー ファイル\ICHashT">
      <UniqueIdentifier>{1ad14bfc-850e-4e61-a6f6-8508c551e0c6}</UniqueIdentifier>
    </Filter>
  </ItemGroup>
  <ItemGroup>
    <ClCompile Include="ICHashT_benchmark.cpp">
      <Filter>ソース ファイル</Filter>
    </ClCompile>
    <ClCompile Include="ICHashT_DebugFunctions.cpp">
      <Filter>ソース ファイル</Filter>
    </ClCompile>
    <ClCompile Include="ICHashT_ExampleFunctions.cpp">
      <Filter>ソース ファイル</Filter>
    </ClCompile>
    <ClCompile Include="main.cpp">
      <Filter>ソース ファイル</Filter>
    </ClCompile>
    <ClCompile Include="ICHashT\FileWriter.cpp">
      <Filter>ソース ファイル\ICHashT</Filter>
    </ClCompile>
    <ClCompile Include="ICHashT\FNV_Hash.cpp">
      <Filter>ソース ファイル\ICHashT</Filter>
    </ClCompile>
    <ClCompile Include="ICHashT\ICHashT.cpp">
      <Filter>ソース ファイル\ICHashT</Filter>
    </ClCompile>
    <ClCompile Include="ICHashT\str_sprintf.cpp">
      <Filter>ソース ファイル\ICHashT</Filter>
    </ClCompile>
  </ItemGroup>
  <ItemGroup>
    <ClInclude Include="ICHashT_benchmark.hpp">
      <Filter>ヘッダー ファイル</Filter>
    </ClInclude>
    <ClInclude Include="ICHashT_DebugFunctions.hpp">
      <Filter>ヘッダー ファイル</Filter>
    </ClInclude>
    <ClInclude Include="ICHashT_ExampleFunctions.hpp">
      <Filter>ヘッダー ファイル</Filter>
    </ClInclude>
    <ClInclude Include="ICHashT\FileWriter.hpp">
      <Filter>ヘッダー ファイル\ICHashT</Filter>
    </ClInclude>
    <ClInclude Include="ICHashT\FNV_Hash.hpp">
      <Filter>ヘッダー ファイル\ICHashT</Filter>
    </ClInclude>
    <ClInclude Include="ICHashT\ICHashT.hpp">
      <Filter>ヘッダー ファイル\ICHashT</Filter>
    </ClInclude>
    <ClInclude Include="ICHashT\printf_dbger.h">
      <Filter>ヘッダー ファイル\ICHashT</Filter>
    </ClInclude>
    <ClInclude Include="ICHashT\str_sprintf.hpp">
      <Filter>ヘッダー ファイル\ICHashT</Filter>
    </ClInclude>
    <ClInclude Include="ICHashT\SysPauseForWin32.h">
      <Filter>ヘッダー ファイル\ICHashT</Filter>
    </ClInclude>
    <ClInclude Include="ICHashT\FileDef.hpp">
      <Filter>ヘッダー ファイル\ICHashT</Filter>
    </ClInclude>
  </ItemGroup>
</Project>